{
  "name": "ngx-mat-multi-sort",
  "version": "0.8.2",
  "lockfileVersion": 2,
  "requires": true,
  "packages": {
    "": {
      "name": "ngx-mat-multi-sort",
      "version": "0.8.2",
      "license": "MIT",
      "dependencies": {
        "tslib": "^2.3.1"
      },
      "peerDependencies": {
        "@angular/cdk": "^13.3.1",
        "@angular/common": "^13.3.1",
        "@angular/core": "^13.3.1",
        "@angular/material": "^13.3.1"
      }
    },
    "node_modules/@angular/animations": {
      "version": "13.3.1",
      "resolved": "https://registry.npmjs.org/@angular/animations/-/animations-13.3.1.tgz",
      "integrity": "sha512-O6DVOk++Bz8Bcz2AAnd1wz1OFzsy3XjmA4o1Mx+DNLRwrLvWHuq33rTVs0Pur7psiKz1lym9kMrY9YwE3s0SJA==",
      "peer": true,
      "dependencies": {
        "tslib": "^2.3.0"
      },
      "engines": {
        "node": "^12.20.0 || ^14.15.0 || >=16.10.0"
      },
      "peerDependencies": {
        "@angular/core": "13.3.1"
      }
    },
    "node_modules/@angular/cdk": {
      "version": "13.3.2",
      "resolved": "https://registry.npmjs.org/@angular/cdk/-/cdk-13.3.2.tgz",
      "integrity": "sha512-Rb+SvQpjXqa0kedk/6nG57f8dC4uG1q35SR6mt6jCz84ikyS2zhikVbzaxLdG15uDvq1+N5Vx3NTSgH19XUSug==",
      "peer": true,
      "dependencies": {
        "tslib": "^2.3.0"
      },
      "optionalDependencies": {
        "parse5": "^5.0.0"
      },
      "peerDependencies": {
        "@angular/common": "^13.0.0 || ^14.0.0-0",
        "@angular/core": "^13.0.0 || ^14.0.0-0",
        "rxjs": "^6.5.3 || ^7.4.0"
      }
    },
    "node_modules/@angular/common": {
      "version": "13.3.1",
      "resolved": "https://registry.npmjs.org/@angular/common/-/common-13.3.1.tgz",
      "integrity": "sha512-Var5ChoX8kZl9cbIWbW7Reb3Xz3t1c1XHwq1k+oK2fgrPdEfypY9n/6DxyXOtSEGb9aV7ZCaxcv2c5JUKR3OPg==",
      "peer": true,
      "dependencies": {
        "tslib": "^2.3.0"
      },
      "engines": {
        "node": "^12.20.0 || ^14.15.0 || >=16.10.0"
      },
      "peerDependencies": {
        "@angular/core": "13.3.1",
        "rxjs": "^6.5.3 || ^7.4.0"
      }
    },
    "node_modules/@angular/core": {
      "version": "13.3.1",
      "resolved": "https://registry.npmjs.org/@angular/core/-/core-13.3.1.tgz",
      "integrity": "sha512-ZU/B9jEiZ0jadRkRL9Sb2btzqgQ0ylx380PfRQaojVIsij/EO6+jOSHIo5upMIGu/OvkggfweShJGlylCOrOXA==",
      "peer": true,
      "dependencies": {
        "tslib": "^2.3.0"
      },
      "engines": {
        "node": "^12.20.0 || ^14.15.0 || >=16.10.0"
      },
      "peerDependencies": {
        "rxjs": "^6.5.3 || ^7.4.0",
        "zone.js": "~0.11.4"
      }
    },
    "node_modules/@angular/forms": {
      "version": "13.3.1",
      "resolved": "https://registry.npmjs.org/@angular/forms/-/forms-13.3.1.tgz",
      "integrity": "sha512-S6a/CEq1ht0vw2epuESiO551dsyLQTb/HuwceIBlsX2JqRRccynYlyx92gsDAo4hD2F0q+EeqZEPuq3oQIK43A==",
      "peer": true,
      "dependencies": {
        "tslib": "^2.3.0"
      },
      "engines": {
        "node": "^12.20.0 || ^14.15.0 || >=16.10.0"
      },
      "peerDependencies": {
        "@angular/common": "13.3.1",
        "@angular/core": "13.3.1",
        "@angular/platform-browser": "13.3.1",
        "rxjs": "^6.5.3 || ^7.4.0"
      }
    },
    "node_modules/@angular/material": {
      "version": "13.3.2",
      "resolved": "https://registry.npmjs.org/@angular/material/-/material-13.3.2.tgz",
      "integrity": "sha512-agIuNcN1wO05ODEXc0wwrMK2ydnhPGO8tcBBCJXrDgiA/ktwm+WtfOsiZwPoev7aJ8pactVhxT5R0bJ6vW2SmA==",
      "peer": true,
      "dependencies": {
        "tslib": "^2.3.0"
      },
      "peerDependencies": {
        "@angular/animations": "^13.0.0 || ^14.0.0-0",
        "@angular/cdk": "13.3.2",
        "@angular/common": "^13.0.0 || ^14.0.0-0",
        "@angular/core": "^13.0.0 || ^14.0.0-0",
        "@angular/forms": "^13.0.0 || ^14.0.0-0",
        "@angular/platform-browser": "^13.0.0 || ^14.0.0-0",
        "rxjs": "^6.5.3 || ^7.4.0"
      }
    },
    "node_modules/@angular/platform-browser": {
      "version": "13.3.1",
      "resolved": "https://registry.npmjs.org/@angular/platform-browser/-/platform-browser-13.3.1.tgz",
      "integrity": "sha512-WtyrkK0pLYj6w7pz3xk8zlhWL1NwGCWT+k7YxEjBOONCIXlZvCqWVzWo4nNQn9Xqxd+z1FVI0dssDwZm2TD+Eg==",
      "peer": true,
      "dependencies": {
        "tslib": "^2.3.0"
      },
      "engines": {
        "node": "^12.20.0 || ^14.15.0 || >=16.10.0"
      },
      "peerDependencies": {
        "@angular/animations": "13.3.1",
        "@angular/common": "13.3.1",
        "@angular/core": "13.3.1"
      },
      "peerDependenciesMeta": {
        "@angular/animations": {
          "optional": true
        }
      }
    },
    "node_modules/parse5": {
      "version": "5.1.1",
      "resolved": "https://registry.npmjs.org/parse5/-/parse5-5.1.1.tgz",
      "integrity": "sha512-ugq4DFI0Ptb+WWjAdOK16+u/nHfiIrcE+sh8kZMaM0WllQKLI9rOUq6c2b7cwPkXdzfQESqvoqK6ug7U/Yyzug==",
      "optional": true,
      "peer": true
    },
    "node_modules/rxjs": {
      "version": "7.5.5",
      "resolved": "https://registry.npmjs.org/rxjs/-/rxjs-7.5.5.tgz",
      "integrity": "sha512-sy+H0pQofO95VDmFLzyaw9xNJU4KTRSwQIGM6+iG3SypAtCiLDzpeG8sJrNCWn2Up9km+KhkvTdbkrdy+yzZdw==",
      "peer": true,
      "dependencies": {
        "tslib": "^2.1.0"
      }
    },
    "node_modules/tslib": {
      "version": "2.3.1",
      "resolved": "https://registry.npmjs.org/tslib/-/tslib-2.3.1.tgz",
      "integrity": "sha512-77EbyPPpMz+FRFRuAFlWMtmgUWGe9UOG2Z25NqCwiIjRhOf5iKGuzSe5P2w1laq+FkRy4p+PCuVkJSGkzTEKVw=="
    },
    "node_modules/zone.js": {
      "version": "0.11.5",
      "resolved": "https://registry.npmjs.org/zone.js/-/zone.js-0.11.5.tgz",
      "integrity": "sha512-D1/7VxEuQ7xk6z/kAROe4SUbd9CzxY4zOwVGnGHerd/SgLIVU5f4esDzQUsOCeArn933BZfWMKydH7l7dPEp0g==",
      "peer": true,
      "dependencies": {
        "tslib": "^2.3.0"
      }
    }
  },
  "dependencies": {
    "@angular/animations": {
      "version": "13.3.1",
      "resolved": "https://registry.npmjs.org/@angular/animations/-/animations-13.3.1.tgz",
      "integrity": "sha512-O6DVOk++Bz8Bcz2AAnd1wz1OFzsy3XjmA4o1Mx+DNLRwrLvWHuq33rTVs0Pur7psiKz1lym9kMrY9YwE3s0SJA==",
      "peer": true,
      "requires": {
        "tslib": "^2.3.0"
      }
    },
    "@angular/cdk": {
      "version": "13.3.2",
      "resolved": "https://registry.npmjs.org/@angular/cdk/-/cdk-13.3.2.tgz",
      "integrity": "sha512-Rb+SvQpjXqa0kedk/6nG57f8dC4uG1q35SR6mt6jCz84ikyS2zhikVbzaxLdG15uDvq1+N5Vx3NTSgH19XUSug==",
      "peer": true,
      "requires": {
        "parse5": "^5.0.0",
        "tslib": "^2.3.0"
      }
    },
    "@angular/common": {
      "version": "13.3.1",
      "resolved": "https://registry.npmjs.org/@angular/common/-/common-13.3.1.tgz",
      "integrity": "sha512-Var5ChoX8kZl9cbIWbW7Reb3Xz3t1c1XHwq1k+oK2fgrPdEfypY9n/6DxyXOtSEGb9aV7ZCaxcv2c5JUKR3OPg==",
      "peer": true,
      "requires": {
        "tslib": "^2.3.0"
      }
    },
    "@angular/core": {
      "version": "13.3.1",
      "resolved": "https://registry.npmjs.org/@angular/core/-/core-13.3.1.tgz",
      "integrity": "sha512-ZU/B9jEiZ0jadRkRL9Sb2btzqgQ0ylx380PfRQaojVIsij/EO6+jOSHIo5upMIGu/OvkggfweShJGlylCOrOXA==",
      "peer": true,
      "requires": {
        "tslib": "^2.3.0"
      }
    },
    "@angular/forms": {
      "version": "13.3.1",
      "resolved": "https://registry.npmjs.org/@angular/forms/-/forms-13.3.1.tgz",
      "integrity": "sha512-S6a/CEq1ht0vw2epuESiO551dsyLQTb/HuwceIBlsX2JqRRccynYlyx92gsDAo4hD2F0q+EeqZEPuq3oQIK43A==",
      "peer": true,
      "requires": {
        "tslib": "^2.3.0"
      }
    },
    "@angular/material": {
      "version": "13.3.2",
      "resolved": "https://registry.npmjs.org/@angular/material/-/material-13.3.2.tgz",
      "integrity": "sha512-agIuNcN1wO05ODEXc0wwrMK2ydnhPGO8tcBBCJXrDgiA/ktwm+WtfOsiZwPoev7aJ8pactVhxT5R0bJ6vW2SmA==",
      "peer": true,
      "requires": {
        "tslib": "^2.3.0"
      }
    },
    "@angular/platform-browser": {
      "version": "13.3.1",
      "resolved": "https://registry.npmjs.org/@angular/platform-browser/-/platform-browser-13.3.1.tgz",
      "integrity": "sha512-WtyrkK0pLYj6w7pz3xk8zlhWL1NwGCWT+k7YxEjBOONCIXlZvCqWVzWo4nNQn9Xqxd+z1FVI0dssDwZm2TD+Eg==",
      "peer": true,
      "requires": {
        "tslib": "^2.3.0"
      }
    },
    "parse5": {
      "version": "5.1.1",
      "resolved": "https://registry.npmjs.org/parse5/-/parse5-5.1.1.tgz",
      "integrity": "sha512-ugq4DFI0Ptb+WWjAdOK16+u/nHfiIrcE+sh8kZMaM0WllQKLI9rOUq6c2b7cwPkXdzfQESqvoqK6ug7U/Yyzug==",
      "optional": true,
      "peer": true
    },
    "rxjs": {
      "version": "7.5.5",
      "resolved": "https://registry.npmjs.org/rxjs/-/rxjs-7.5.5.tgz",
      "integrity": "sha512-sy+H0pQofO95VDmFLzyaw9xNJU4KTRSwQIGM6+iG3SypAtCiLDzpeG8sJrNCWn2Up9km+KhkvTdbkrdy+yzZdw==",
      "peer": true,
      "requires": {
        "tslib": "^2.1.0"
      }
    },
    "tslib": {
      "version": "2.3.1",
      "resolved": "https://registry.npmjs.org/tslib/-/tslib-2.3.1.tgz",
      "integrity": "sha512-77EbyPPpMz+FRFRuAFlWMtmgUWGe9UOG2Z25NqCwiIjRhOf5iKGuzSe5P2w1laq+FkRy4p+PCuVkJSGkzTEKVw=="
    },
    "zone.js": {
      "version": "0.11.5",
      "resolved": "https://registry.npmjs.org/zone.js/-/zone.js-0.11.5.tgz",
      "integrity": "sha512-D1/7VxEuQ7xk6z/kAROe4SUbd9CzxY4zOwVGnGHerd/SgLIVU5f4esDzQUsOCeArn933BZfWMKydH7l7dPEp0g==",
      "peer": true,
      "requires": {
        "tslib": "^2.3.0"
      }
    }
  }
}
